Microsoft Visual Studio Solution File, Format Version 12.00
# Visual Studio Version 16
VisualStudioVersion = 16.0.30204.135
MinimumVisualStudioVersion = 10.0.40219.1
Project("{FAE04EC0-301F-11D3-BF4B-00C04F79EFBC}") = "ServiceLayer", "ServiceLayer\ServiceLayer.csproj", "{FEAA2589-CECF-41CC-8824-DFEFCA6F1388}"
EndProject
Project("{FAE04EC0-301F-11D3-BF4B-00C04F79EFBC}") = "DataLayer", "DataLayer\DataLayer.csproj", "{0E016257-1390-4155-91BB-8703CF9669DC}"
EndProject
Project("{FAE04EC0-301F-11D3-BF4B-00C04F79EFBC}") = "Common", "Common\Common.csproj", "{72BB3E8B-F843-40BF-8479-56FA9ED5166A}"
EndProject
Project("{FAE04EC0-301F-11D3-BF4B-00C04F79EFBC}") = "IoC", "IoC\IoC.csproj", "{0AE278B0-D304-4FB0-BE05-3E5A3F31EE64}"
EndProject
Project("{FAE04EC0-301F-11D3-BF4B-00C04F79EFBC}") = "Contracts", "Contracts\Contracts.csproj", "{3A6A66EE-E804-4518-9619-F0797D74D92F}"
EndProject
Project("{9A19103F-16F7-4668-BE54-9A1E7A4F7556}") = "Api", "Api\Api.csproj", "{37D5E45F-8031-4AC7-8574-B6D8D4ED4A0A}"
EndProject
Project("{9A19103F-16F7-4668-BE54-9A1E7A4F7556}") = "Entities", "Entities\Entities.csproj", "{113EFA73-88B0-4140-8C1B-EA714CB18728}"
EndProject
Global
	GlobalSection(SolutionConfigurationPlatforms) = preSolution
		Debug|Any CPU = Debug|Any CPU
		Release|Any CPU = Release|Any CPU
	EndGlobalSection
	GlobalSection(ProjectConfigurationPlatforms) = postSolution
		{FEAA2589-CECF-41CC-8824-DFEFCA6F1388}.Debug|Any CPU.ActiveCfg = Debug|Any CPU
		{FEAA2589-CECF-41CC-8824-DFEFCA6F1388}.Debug|Any CPU.Build.0 = Debug|Any CPU
		{FEAA2589-CECF-41CC-8824-DFEFCA6F1388}.Release|Any CPU.ActiveCfg = Release|Any CPU
		{FEAA2589-CECF-41CC-8824-DFEFCA6F1388}.Release|Any CPU.Build.0 = Release|Any CPU
		{0E016257-1390-4155-91BB-8703CF9669DC}.Debug|Any CPU.ActiveCfg = Debug|Any CPU
		{0E016257-1390-4155-91BB-8703CF9669DC}.Debug|Any CPU.Build.0 = Debug|Any CPU
		{0E016257-1390-4155-91BB-8703CF9669DC}.Release|Any CPU.ActiveCfg = Release|Any CPU
		{0E016257-1390-4155-91BB-8703CF9669DC}.Release|Any CPU.Build.0 = Release|Any CPU
		{72BB3E8B-F843-40BF-8479-56FA9ED5166A}.Debug|Any CPU.ActiveCfg = Debug|Any CPU
		{72BB3E8B-F843-40BF-8479-56FA9ED5166A}.Debug|Any CPU.Build.0 = Debug|Any CPU
		{72BB3E8B-F843-40BF-8479-56FA9ED5166A}.Release|Any CPU.ActiveCfg = Release|Any CPU
		{72BB3E8B-F843-40BF-8479-56FA9ED5166A}.Release|Any CPU.Build.0 = Release|Any CPU
		{0AE278B0-D304-4FB0-BE05-3E5A3F31EE64}.Debug|Any CPU.ActiveCfg = Debug|Any CPU
		{0AE278B0-D304-4FB0-BE05-3E5A3F31EE64}.Debug|Any CPU.Build.0 = Debug|Any CPU
		{0AE278B0-D304-4FB0-BE05-3E5A3F31EE64}.Release|Any CPU.ActiveCfg = Release|Any CPU
		{0AE278B0-D304-4FB0-BE05-3E5A3F31EE64}.Release|Any CPU.Build.0 = Release|Any CPU
		{3A6A66EE-E804-4518-9619-F0797D74D92F}.Debug|Any CPU.ActiveCfg = Debug|Any CPU
		{3A6A66EE-E804-4518-9619-F0797D74D92F}.Debug|Any CPU.Build.0 = Debug|Any CPU
		{3A6A66EE-E804-4518-9619-F0797D74D92F}.Release|Any CPU.ActiveCfg = Release|Any CPU
		{3A6A66EE-E804-4518-9619-F0797D74D92F}.Release|Any CPU.Build.0 = Release|Any CPU
		{37D5E45F-8031-4AC7-8574-B6D8D4ED4A0A}.Debug|Any CPU.ActiveCfg = Debug|Any CPU
		{37D5E45F-8031-4AC7-8574-B6D8D4ED4A0A}.Debug|Any CPU.Build.0 = Debug|Any CPU
		{37D5E45F-8031-4AC7-8574-B6D8D4ED4A0A}.Release|Any CPU.ActiveCfg = Release|Any CPU
		{37D5E45F-8031-4AC7-8574-B6D8D4ED4A0A}.Release|Any CPU.Build.0 = Release|Any CPU
		{113EFA73-88B0-4140-8C1B-EA714CB18728}.Debug|Any CPU.ActiveCfg = Debug|Any CPU
		{113EFA73-88B0-4140-8C1B-EA714CB18728}.Debug|Any CPU.Build.0 = Debug|Any CPU
		{113EFA73-88B0-4140-8C1B-EA714CB18728}.Release|Any CPU.ActiveCfg = Release|Any CPU
		{113EFA73-88B0-4140-8C1B-EA714CB18728}.Release|Any CPU.Build.0 = Release|Any CPU
	EndGlobalSection
	GlobalSection(SolutionProperties) = preSolution
		HideSolutionNode = FALSE
	EndGlobalSection
	GlobalSection(ExtensibilityGlobals) = postSolution
		SolutionGuid = {2E56F756-CC28-4769-947D-68ECEE89DF0F}
	EndGlobalSection
EndGlobal
